
Microsoft Visual Studio Solution File, Format Version 12.00
# Visual Studio Version 17
VisualStudioVersion = 17.3.32825.248
MinimumVisualStudioVersion = 10.0.40219.1
Project("{9A19103F-16F7-4668-BE54-9A1E7A4F7556}") = "RetailShopWebAPI", "RetailShopWebAPI\RetailShopWebAPI.csproj", "{D44C6C4D-08E8-44E8-AB46-790ABED690F1}"
EndProject
Project("{9A19103F-16F7-4668-BE54-9A1E7A4F7556}") = "RetailShopWebAPI.Services", "RetailShopWebAPI.Services\RetailShopWebAPI.Services.csproj", "{D1AD9327-CD9B-430A-B296-7D017C3DAB58}"
EndProject
Project("{9A19103F-16F7-4668-BE54-9A1E7A4F7556}") = "RetailShopWebAPI.Repositories", "RetailShopWebAPI.Repositories\RetailShopWebAPI.Repositories.csproj", "{1893EB1F-3411-45E9-A365-09E266523F0A}"
EndProject
Project("{9A19103F-16F7-4668-BE54-9A1E7A4F7556}") = "RetailShopWebAPI.Common", "RetailShopWebAPI.Common\RetailShopWebAPI.Common.csproj", "{B52E4428-75A6-4388-9087-8FECCA935689}"
EndProject
Project("{FAE04EC0-301F-11D3-BF4B-00C04F79EFBC}") = "RetailShopWebAPI.Tests", "RetailShopWebAPI.Tests\RetailShopWebAPI.Tests.csproj", "{B774FAED-C6DF-473C-8415-0C5A964B09E8}"
EndProject
Global
	GlobalSection(SolutionConfigurationPlatforms) = preSolution
		Debug|Any CPU = Debug|Any CPU
		Release|Any CPU = Release|Any CPU
	EndGlobalSection
	GlobalSection(ProjectConfigurationPlatforms) = postSolution
		{D44C6C4D-08E8-44E8-AB46-790ABED690F1}.Debug|Any CPU.ActiveCfg = Debug|Any CPU
		{D44C6C4D-08E8-44E8-AB46-790ABED690F1}.Debug|Any CPU.Build.0 = Debug|Any CPU
		{D44C6C4D-08E8-44E8-AB46-790ABED690F1}.Release|Any CPU.ActiveCfg = Release|Any CPU
		{D44C6C4D-08E8-44E8-AB46-790ABED690F1}.Release|Any CPU.Build.0 = Release|Any CPU
		{D1AD9327-CD9B-430A-B296-7D017C3DAB58}.Debug|Any CPU.ActiveCfg = Debug|Any CPU
		{D1AD9327-CD9B-430A-B296-7D017C3DAB58}.Debug|Any CPU.Build.0 = Debug|Any CPU
		{D1AD9327-CD9B-430A-B296-7D017C3DAB58}.Release|Any CPU.ActiveCfg = Release|Any CPU
		{D1AD9327-CD9B-430A-B296-7D017C3DAB58}.Release|Any CPU.Build.0 = Release|Any CPU
		{1893EB1F-3411-45E9-A365-09E266523F0A}.Debug|Any CPU.ActiveCfg = Debug|Any CPU
		{1893EB1F-3411-45E9-A365-09E266523F0A}.Debug|Any CPU.Build.0 = Debug|Any CPU
		{1893EB1F-3411-45E9-A365-09E266523F0A}.Release|Any CPU.ActiveCfg = Release|Any CPU
		{1893EB1F-3411-45E9-A365-09E266523F0A}.Release|Any CPU.Build.0 = Release|Any CPU
		{B52E4428-75A6-4388-9087-8FECCA935689}.Debug|Any CPU.ActiveCfg = Debug|Any CPU
		{B52E4428-75A6-4388-9087-8FECCA935689}.Debug|Any CPU.Build.0 = Debug|Any CPU
		{B52E4428-75A6-4388-9087-8FECCA935689}.Release|Any CPU.ActiveCfg = Release|Any CPU
		{B52E4428-75A6-4388-9087-8FECCA935689}.Release|Any CPU.Build.0 = Release|Any CPU
		{B774FAED-C6DF-473C-8415-0C5A964B09E8}.Debug|Any CPU.ActiveCfg = Debug|Any CPU
		{B774FAED-C6DF-473C-8415-0C5A964B09E8}.Debug|Any CPU.Build.0 = Debug|Any CPU
		{B774FAED-C6DF-473C-8415-0C5A964B09E8}.Release|Any CPU.ActiveCfg = Release|Any CPU
		{B774FAED-C6DF-473C-8415-0C5A964B09E8}.Release|Any CPU.Build.0 = Release|Any CPU
	EndGlobalSection
	GlobalSection(SolutionProperties) = preSolution
		HideSolutionNode = FALSE
	EndGlobalSection
	GlobalSection(ExtensibilityGlobals) = postSolution
		SolutionGuid = {46976968-6729-491F-B8BA-A9B3F2D7BAF6}
	EndGlobalSection
EndGlobal
